// !$*UTF8*$!
{
	archiveVersion = 1;
	classes = {
	};
	objectVersion = 50;
	objects = {

/* Begin PBXBuildFile section */
		2CA3EAEED78A58134B57A01F /* Pods_SampleAppTests.framework in Frameworks */ = {isa = PBXBuildFile; fileRef = F1C7C803E2D7FE09EF294BF0 /* Pods_SampleAppTests.framework */; };
		723131C127BE35A40081536E /* AppDelegate.swift in Sources */ = {isa = PBXBuildFile; fileRef = 723131C027BE35A40081536E /* AppDelegate.swift */; };
		723131C327BE35A40081536E /* SceneDelegate.swift in Sources */ = {isa = PBXBuildFile; fileRef = 723131C227BE35A40081536E /* SceneDelegate.swift */; };
		723131C527BE35A40081536E /* ViewController.swift in Sources */ = {isa = PBXBuildFile; fileRef = 723131C427BE35A40081536E /* ViewController.swift */; };
		723131C827BE35A40081536E /* Main.storyboard in Resources */ = {isa = PBXBuildFile; fileRef = 723131C627BE35A40081536E /* Main.storyboard */; };
		723131CB27BE35A40081536E /* SampleApp.xcdatamodeld in Sources */ = {isa = PBXBuildFile; fileRef = 723131C927BE35A40081536E /* SampleApp.xcdatamodeld */; };
		723131CD27BE35A60081536E /* Assets.xcassets in Resources */ = {isa = PBXBuildFile; fileRef = 723131CC27BE35A60081536E /* Assets.xcassets */; };
		723131D027BE35A60081536E /* LaunchScreen.storyboard in Resources */ = {isa = PBXBuildFile; fileRef = 723131CE27BE35A60081536E /* LaunchScreen.storyboard */; };
		723131DB27BE35A70081536E /* SampleAppTests.swift in Sources */ = {isa = PBXBuildFile; fileRef = 723131DA27BE35A70081536E /* SampleAppTests.swift */; };
		723131E627BE35A70081536E /* SampleAppUITests.swift in Sources */ = {isa = PBXBuildFile; fileRef = 723131E527BE35A70081536E /* SampleAppUITests.swift */; };
		723131F727BE35C80081536E /* WebServiceResponse.swift in Sources */ = {isa = PBXBuildFile; fileRef = 723131F627BE35C80081536E /* WebServiceResponse.swift */; };
		723131FC27BE35E00081536E /* BaseService.swift in Sources */ = {isa = PBXBuildFile; fileRef = 723131FB27BE35E00081536E /* BaseService.swift */; };
		7231320127BE36100081536E /* CallServices.swift in Sources */ = {isa = PBXBuildFile; fileRef = 7231320027BE36100081536E /* CallServices.swift */; };
		8281508B2E2FBE60C5EA23D5 /* Pods_SampleApp_SampleAppUITests.framework in Frameworks */ = {isa = PBXBuildFile; fileRef = E5E30F0F4BECD2A28E5117C2 /* Pods_SampleApp_SampleAppUITests.framework */; };
		88839873729607CCF1C54013 /* Pods_SampleApp.framework in Frameworks */ = {isa = PBXBuildFile; fileRef = 635D448CA4E3C80470609448 /* Pods_SampleApp.framework */; };
/* End PBXBuildFile section */

/* Begin PBXContainerItemProxy section */
		723131D727BE35A70081536E /* PBXContainerItemProxy */ = {
			isa = PBXContainerItemProxy;
			containerPortal = 723131B527BE35A40081536E /* Project object */;
			proxyType = 1;
			remoteGlobalIDString = 723131BC27BE35A40081536E;
			remoteInfo = SampleApp;
		};
		723131E227BE35A70081536E /* PBXContainerItemProxy */ = {
			isa = PBXContainerItemProxy;
			containerPortal = 723131B527BE35A40081536E /* Project object */;
			proxyType = 1;
			remoteGlobalIDString = 723131BC27BE35A40081536E;
			remoteInfo = SampleApp;
		};
/* End PBXContainerItemProxy section */

/* Begin PBXFileReference section */
		33FF6FBFE09A0C1C88569762 /* Pods-SampleApp-SampleAppUITests.debug.xcconfig */ = {isa = PBXFileReference; includeInIndex = 1; lastKnownFileType = text.xcconfig; name = "Pods-SampleApp-SampleAppUITests.debug.xcconfig"; path = "Target Support Files/Pods-SampleApp-SampleAppUITests/Pods-SampleApp-SampleAppUITests.debug.xcconfig"; sourceTree = "<group>"; };
		635D448CA4E3C80470609448 /* Pods_SampleApp.framework */ = {isa = PBXFileReference; explicitFileType = wrapper.framework; includeInIndex = 0; path = Pods_SampleApp.framework; sourceTree = BUILT_PRODUCTS_DIR; };
		723131BD27BE35A40081536E /* SampleApp.app */ = {isa = PBXFileReference; explicitFileType = wrapper.application; includeInIndex = 0; path = SampleApp.app; sourceTree = BUILT_PRODUCTS_DIR; };
		723131C027BE35A40081536E /* AppDelegate.swift */ = {isa = PBXFileReference; lastKnownFileType = sourcecode.swift; path = AppDelegate.swift; sourceTree = "<group>"; };
		723131C227BE35A40081536E /* SceneDelegate.swift */ = {isa = PBXFileReference; lastKnownFileType = sourcecode.swift; path = SceneDelegate.swift; sourceTree = "<group>"; };
		723131C427BE35A40081536E /* ViewController.swift */ = {isa = PBXFileReference; lastKnownFileType = sourcecode.swift; path = ViewController.swift; sourceTree = "<group>"; };
		723131C727BE35A40081536E /* Base */ = {isa = PBXFileReference; lastKnownFileType = file.storyboard; name = Base; path = Base.lproj/Main.storyboard; sourceTree = "<group>"; };
		723131CA27BE35A40081536E /* SampleApp.xcdatamodel */ = {isa = PBXFileReference; lastKnownFileType = wrapper.xcdatamodel; path = SampleApp.xcdatamodel; sourceTree = "<group>"; };
		723131CC27BE35A60081536E /* Assets.xcassets */ = {isa = PBXFileReference; lastKnownFileType = folder.assetcatalog; path = Assets.xcassets; sourceTree = "<group>"; };
		723131CF27BE35A60081536E /* Base */ = {isa = PBXFileReference; lastKnownFileType = file.storyboard; name = Base; path = Base.lproj/LaunchScreen.storyboard; sourceTree = "<group>"; };
		723131D127BE35A60081536E /* Info.plist */ = {isa = PBXFileReference; lastKnownFileType = text.plist.xml; path = Info.plist; sourceTree = "<group>"; };
		723131D627BE35A70081536E /* SampleAppTests.xctest */ = {isa = PBXFileReference; explicitFileType = wrapper.cfbundle; includeInIndex = 0; path = SampleAppTests.xctest; sourceTree = BUILT_PRODUCTS_DIR; };
		723131DA27BE35A70081536E /* SampleAppTests.swift */ = {isa = PBXFileReference; lastKnownFileType = sourcecode.swift; path = SampleAppTests.swift; sourceTree = "<group>"; };
		723131DC27BE35A70081536E /* Info.plist */ = {isa = PBXFileReference; lastKnownFileType = text.plist.xml; path = Info.plist; sourceTree = "<group>"; };
		723131E127BE35A70081536E /* SampleAppUITests.xctest */ = {isa = PBXFileReference; explicitFileType = wrapper.cfbundle; includeInIndex = 0; path = SampleAppUITests.xctest; sourceTree = BUILT_PRODUCTS_DIR; };
		723131E527BE35A70081536E /* SampleAppUITests.swift */ = {isa = PBXFileReference; lastKnownFileType = sourcecode.swift; path = SampleAppUITests.swift; sourceTree = "<group>"; };
		723131E727BE35A70081536E /* Info.plist */ = {isa = PBXFileReference; lastKnownFileType = text.plist.xml; path = Info.plist; sourceTree = "<group>"; };
		723131F627BE35C80081536E /* WebServiceResponse.swift */ = {isa = PBXFileReference; lastKnownFileType = sourcecode.swift; path = WebServiceResponse.swift; sourceTree = "<group>"; };
		723131FB27BE35E00081536E /* BaseService.swift */ = {isa = PBXFileReference; lastKnownFileType = sourcecode.swift; path = BaseService.swift; sourceTree = "<group>"; };
		7231320027BE36100081536E /* CallServices.swift */ = {isa = PBXFileReference; lastKnownFileType = sourcecode.swift; path = CallServices.swift; sourceTree = "<group>"; };
		73E89909CB0E77EA87A38150 /* Pods-SampleApp.release.xcconfig */ = {isa = PBXFileReference; includeInIndex = 1; lastKnownFileType = text.xcconfig; name = "Pods-SampleApp.release.xcconfig"; path = "Target Support Files/Pods-SampleApp/Pods-SampleApp.release.xcconfig"; sourceTree = "<group>"; };
		852FA8C2C3DE774229701179 /* Pods-SampleApp.debug.xcconfig */ = {isa = PBXFileReference; includeInIndex = 1; lastKnownFileType = text.xcconfig; name = "Pods-SampleApp.debug.xcconfig"; path = "Target Support Files/Pods-SampleApp/Pods-SampleApp.debug.xcconfig"; sourceTree = "<group>"; };
		9D43A0451A228D10600126F1 /* Pods-SampleApp-SampleAppUITests.release.xcconfig */ = {isa = PBXFileReference; includeInIndex = 1; lastKnownFileType = text.xcconfig; name = "Pods-SampleApp-SampleAppUITests.release.xcconfig"; path = "Target Support Files/Pods-SampleApp-SampleAppUITests/Pods-SampleApp-SampleAppUITests.release.xcconfig"; sourceTree = "<group>"; };
		A214978491CA7A15A8E52683 /* Pods-SampleAppTests.debug.xcconfig */ = {isa = PBXFileReference; includeInIndex = 1; lastKnownFileType = text.xcconfig; name = "Pods-SampleAppTests.debug.xcconfig"; path = "Target Support Files/Pods-SampleAppTests/Pods-SampleAppTests.debug.xcconfig"; sourceTree = "<group>"; };
		AF65099459C22EA97094BC4C /* Pods-SampleAppTests.release.xcconfig */ = {isa = PBXFileReference; includeInIndex = 1; lastKnownFileType = text.xcconfig; name = "Pods-SampleAppTests.release.xcconfig"; path = "Target Support Files/Pods-SampleAppTests/Pods-SampleAppTests.release.xcconfig"; sourceTree = "<group>"; };
		E5E30F0F4BECD2A28E5117C2 /* Pods_SampleApp_SampleAppUITests.framework */ = {isa = PBXFileReference; explicitFileType = wrapper.framework; includeInIndex = 0; path = Pods_SampleApp_SampleAppUITests.framework; sourceTree = BUILT_PRODUCTS_DIR; };
		F1C7C803E2D7FE09EF294BF0 /* Pods_SampleAppTests.framework */ = {isa = PBXFileReference; explicitFileType = wrapper.framework; includeInIndex = 0; path = Pods_SampleAppTests.framework; sourceTree = BUILT_PRODUCTS_DIR; };
/* End PBXFileReference section */

/* Begin PBXFrameworksBuildPhase section */
		723131BA27BE35A40081536E /* Frameworks */ = {
			isa = PBXFrameworksBuildPhase;
			buildActionMask = 2147483647;
			files = (
				88839873729607CCF1C54013 /* Pods_SampleApp.framework in Frameworks */,
			);
			runOnlyForDeploymentPostprocessing = 0;
		};
		723131D327BE35A70081536E /* Frameworks */ = {
			isa = PBXFrameworksBuildPhase;
			buildActionMask = 2147483647;
			files = (
				2CA3EAEED78A58134B57A01F /* Pods_SampleAppTests.framework in Frameworks */,
			);
			runOnlyForDeploymentPostprocessing = 0;
		};
		723131DE27BE35A70081536E /* Frameworks */ = {
			isa = PBXFrameworksBuildPhase;
			buildActionMask = 2147483647;
			files = (
				8281508B2E2FBE60C5EA23D5 /* Pods_SampleApp_SampleAppUITests.framework in Frameworks */,
			);
			runOnlyForDeploymentPostprocessing = 0;
		};
/* End PBXFrameworksBuildPhase section */

/* Begin PBXGroup section */
		065F4B7CAAAD375EAF6FCE93 /* Frameworks */ = {
			isa = PBXGroup;
			children = (
				635D448CA4E3C80470609448 /* Pods_SampleApp.framework */,
				E5E30F0F4BECD2A28E5117C2 /* Pods_SampleApp_SampleAppUITests.framework */,
				F1C7C803E2D7FE09EF294BF0 /* Pods_SampleAppTests.framework */,
			);
			name = Frameworks;
			sourceTree = "<group>";
		};
		723131B427BE35A40081536E = {
			isa = PBXGroup;
			children = (
				723131BF27BE35A40081536E /* SampleApp */,
				723131D927BE35A70081536E /* SampleAppTests */,
				723131E427BE35A70081536E /* SampleAppUITests */,
				723131BE27BE35A40081536E /* Products */,
				F0B63442046FCB0DBB09BBF8 /* Pods */,
				065F4B7CAAAD375EAF6FCE93 /* Frameworks */,
			);
			sourceTree = "<group>";
		};
		723131BE27BE35A40081536E /* Products */ = {
			isa = PBXGroup;
			children = (
				723131BD27BE35A40081536E /* SampleApp.app */,
				723131D627BE35A70081536E /* SampleAppTests.xctest */,
				723131E127BE35A70081536E /* SampleAppUITests.xctest */,
			);
			name = Products;
			sourceTree = "<group>";
		};
		723131BF27BE35A40081536E /* SampleApp */ = {
			isa = PBXGroup;
			children = (
				723131C027BE35A40081536E /* AppDelegate.swift */,
				723131C227BE35A40081536E /* SceneDelegate.swift */,
				723131C427BE35A40081536E /* ViewController.swift */,
				723131C627BE35A40081536E /* Main.storyboard */,
				723131CC27BE35A60081536E /* Assets.xcassets */,
				723131CE27BE35A60081536E /* LaunchScreen.storyboard */,
				723131D127BE35A60081536E /* Info.plist */,
				723131C927BE35A40081536E /* SampleApp.xcdatamodeld */,
				723131F627BE35C80081536E /* WebServiceResponse.swift */,
				723131FB27BE35E00081536E /* BaseService.swift */,
				7231320027BE36100081536E /* CallServices.swift */,
			);
			path = SampleApp;
			sourceTree = "<group>";
		};
		723131D927BE35A70081536E /* SampleAppTests */ = {
			isa = PBXGroup;
			children = (
				723131DA27BE35A70081536E /* SampleAppTests.swift */,
				723131DC27BE35A70081536E /* Info.plist */,
			);
			path = SampleAppTests;
			sourceTree = "<group>";
		};
		723131E427BE35A70081536E /* SampleAppUITests */ = {
			isa = PBXGroup;
			children = (
				723131E527BE35A70081536E /* SampleAppUITests.swift */,
				723131E727BE35A70081536E /* Info.plist */,
			);
			path = SampleAppUITests;
			sourceTree = "<group>";
		};
		F0B63442046FCB0DBB09BBF8 /* Pods */ = {
			isa = PBXGroup;
			children = (
				852FA8C2C3DE774229701179 /* Pods-SampleApp.debug.xcconfig */,
				73E89909CB0E77EA87A38150 /* Pods-SampleApp.release.xcconfig */,
				33FF6FBFE09A0C1C88569762 /* Pods-SampleApp-SampleAppUITests.debug.xcconfig */,
				9D43A0451A228D10600126F1 /* Pods-SampleApp-SampleAppUITests.release.xcconfig */,
				A214978491CA7A15A8E52683 /* Pods-SampleAppTests.debug.xcconfig */,
				AF65099459C22EA97094BC4C /* Pods-SampleAppTests.release.xcconfig */,
			);
			name = Pods;
			path = Pods;
			sourceTree = "<group>";
		};
/* End PBXGroup section */

/* Begin PBXNativeTarget section */
		723131BC27BE35A40081536E /* SampleApp */ = {
			isa = PBXNativeTarget;
			buildConfigurationList = 723131EA27BE35A70081536E /* Build configuration list for PBXNativeTarget "SampleApp" */;
			buildPhases = (
				F5D0E051B12CA8734094CF82 /* [CP] Check Pods Manifest.lock */,
				723131B927BE35A40081536E /* Sources */,
				723131BA27BE35A40081536E /* Frameworks */,
				723131BB27BE35A40081536E /* Resources */,
				1E060FE1C03C77118874C4CE /* [CP] Embed Pods Frameworks */,
			);
			buildRules = (
			);
			dependencies = (
			);
			name = SampleApp;
			productName = SampleApp;
			productReference = 723131BD27BE35A40081536E /* SampleApp.app */;
			productType = "com.apple.product-type.application";
		};
		723131D527BE35A70081536E /* SampleAppTests */ = {
			isa = PBXNativeTarget;
			buildConfigurationList = 723131ED27BE35A70081536E /* Build configuration list for PBXNativeTarget "SampleAppTests" */;
			buildPhases = (
				AD067C916DE77F03A7D94FDD /* [CP] Check Pods Manifest.lock */,
				723131D227BE35A70081536E /* Sources */,
				723131D327BE35A70081536E /* Frameworks */,
				723131D427BE35A70081536E /* Resources */,
			);
			buildRules = (
			);
			dependencies = (
				723131D827BE35A70081536E /* PBXTargetDependency */,
			);
			name = SampleAppTests;
			productName = SampleAppTests;
			productReference = 723131D627BE35A70081536E /* SampleAppTests.xctest */;
			productType = "com.apple.product-type.bundle.unit-test";
		};
		723131E027BE35A70081536E /* SampleAppUITests */ = {
			isa = PBXNativeTarget;
			buildConfigurationList = 723131F027BE35A70081536E /* Build configuration list for PBXNativeTarget "SampleAppUITests" */;
			buildPhases = (
				8622B05C2F7E15411F7BF3A1 /* [CP] Check Pods Manifest.lock */,
				723131DD27BE35A70081536E /* Sources */,
				723131DE27BE35A70081536E /* Frameworks */,
				723131DF27BE35A70081536E /* Resources */,
				D4AECE075F4FA43FE2D91913 /* [CP] Embed Pods Frameworks */,
			);
			buildRules = (
			);
			dependencies = (
				723131E327BE35A70081536E /* PBXTargetDependency */,
			);
			name = SampleAppUITests;
			productName = SampleAppUITests;
			productReference = 723131E127BE35A70081536E /* SampleAppUITests.xctest */;
			productType = "com.apple.product-type.bundle.ui-testing";
		};
/* End PBXNativeTarget section */

/* Begin PBXProject section */
		723131B527BE35A40081536E /* Project object */ = {
			isa = PBXProject;
			attributes = {
				LastSwiftUpdateCheck = 1230;
				LastUpgradeCheck = 1230;
				TargetAttributes = {
					723131BC27BE35A40081536E = {
						CreatedOnToolsVersion = 12.3;
					};
					723131D527BE35A70081536E = {
						CreatedOnToolsVersion = 12.3;
						TestTargetID = 723131BC27BE35A40081536E;
					};
					723131E027BE35A70081536E = {
						CreatedOnToolsVersion = 12.3;
						TestTargetID = 723131BC27BE35A40081536E;
					};
				};
			};
			buildConfigurationList = 723131B827BE35A40081536E /* Build configuration list for PBXProject "SampleApp" */;
			compatibilityVersion = "Xcode 9.3";
			developmentRegion = en;
			hasScannedForEncodings = 0;
			knownRegions = (
				en,
				Base,
			);
			mainGroup = 723131B427BE35A40081536E;
			productRefGroup = 723131BE27BE35A40081536E /* Products */;
			projectDirPath = "";
			projectRoot = "";
			targets = (
				723131BC27BE35A40081536E /* SampleApp */,
				723131D527BE35A70081536E /* SampleAppTests */,
				723131E027BE35A70081536E /* SampleAppUITests */,
			);
		};
/* End PBXProject section */

/* Begin PBXResourcesBuildPhase section */
		723131BB27BE35A40081536E /* Resources */ = {
			isa = PBXResourcesBuildPhase;
			buildActionMask = 2147483647;
			files = (
				723131D027BE35A60081536E /* LaunchScreen.storyboard in Resources */,
				723131CD27BE35A60081536E /* Assets.xcassets in Resources */,
				723131C827BE35A40081536E /* Main.storyboard in Resources */,
			);
			runOnlyForDeploymentPostprocessing = 0;
		};
		723131D427BE35A70081536E /* Resources */ = {
			isa = PBXResourcesBuildPhase;
			buildActionMask = 2147483647;
			files = (
			);
			runOnlyForDeploymentPostprocessing = 0;
		};
		723131DF27BE35A70081536E /* Resources */ = {
			isa = PBXResourcesBuildPhase;
			buildActionMask = 2147483647;
			files = (
			);
			runOnlyForDeploymentPostprocessing = 0;
		};
/* End PBXResourcesBuildPhase section */

/* Begin PBXShellScriptBuildPhase section */
		1E060FE1C03C77118874C4CE /* [CP] Embed Pods Frameworks */ = {
			isa = PBXShellScriptBuildPhase;
			buildActionMask = 2147483647;
			files = (
			);
			inputFileListPaths = (
				"${PODS_ROOT}/Target Support Files/Pods-SampleApp/Pods-SampleApp-frameworks-${CONFIGURATION}-input-files.xcfilelist",
			);
			name = "[CP] Embed Pods Frameworks";
			outputFileListPaths = (
				"${PODS_ROOT}/Target Support Files/Pods-SampleApp/Pods-SampleApp-frameworks-${CONFIGURATION}-output-files.xcfilelist",
			);
			runOnlyForDeploymentPostprocessing = 0;
			shellPath = /bin/sh;
			shellScript = "\"${PODS_ROOT}/Target Support Files/Pods-SampleApp/Pods-SampleApp-frameworks.sh\"\n";
			showEnvVarsInLog = 0;
		};
		8622B05C2F7E15411F7BF3A1 /* [CP] Check Pods Manifest.lock */ = {
			isa = PBXShellScriptBuildPhase;
			buildActionMask = 2147483647;
			files = (
			);
			inputFileListPaths = (
			);
			inputPaths = (
				"${PODS_PODFILE_DIR_PATH}/Podfile.lock",
				"${PODS_ROOT}/Manifest.lock",
			);
			name = "[CP] Check Pods Manifest.lock";
			outputFileListPaths = (
			);
			outputPaths = (
				"$(DERIVED_FILE_DIR)/Pods-SampleApp-SampleAppUITests-checkManifestLockResult.txt",
			);
			runOnlyForDeploymentPostprocessing = 0;
			shellPath = /bin/sh;
			shellScript = "diff \"${PODS_PODFILE_DIR_PATH}/Podfile.lock\" \"${PODS_ROOT}/Manifest.lock\" > /dev/null\nif [ $? != 0 ] ; then\n    # print error to STDERR\n    echo \"error: The sandbox is not in sync with the Podfile.lock. Run 'pod install' or update your CocoaPods installation.\" >&2\n    exit 1\nfi\n# This output is used by Xcode 'outputs' to avoid re-running this script phase.\necho \"SUCCESS\" > \"${SCRIPT_OUTPUT_FILE_0}\"\n";
			showEnvVarsInLog = 0;
		};
		AD067C916DE77F03A7D94FDD /* [CP] Check Pods Manifest.lock */ = {
			isa = PBXShellScriptBuildPhase;
			buildActionMask = 2147483647;
			files = (
			);
			inputFileListPaths = (
			);
			inputPaths = (
				"${PODS_PODFILE_DIR_PATH}/Podfile.lock",
				"${PODS_ROOT}/Manifest.lock",
			);
			name = "[CP] Check Pods Manifest.lock";
			outputFileListPaths = (
			);
			outputPaths = (
				"$(DERIVED_FILE_DIR)/Pods-SampleAppTests-checkManifestLockResult.txt",
			);
			runOnlyForDeploymentPostprocessing = 0;
			shellPath = /bin/sh;
			shellScript = "diff \"${PODS_PODFILE_DIR_PATH}/Podfile.lock\" \"${PODS_ROOT}/Manifest.lock\" > /dev/null\nif [ $? != 0 ] ; then\n    # print error to STDERR\n    echo \"error: The sandbox is not in sync with the Podfile.lock. Run 'pod install' or update your CocoaPods installation.\" >&2\n    exit 1\nfi\n# This output is used by Xcode 'outputs' to avoid re-running this script phase.\necho \"SUCCESS\" > \"${SCRIPT_OUTPUT_FILE_0}\"\n";
			showEnvVarsInLog = 0;
		};
		D4AECE075F4FA43FE2D91913 /* [CP] Embed Pods Frameworks */ = {
			isa = PBXShellScriptBuildPhase;
			buildActionMask = 2147483647;
			files = (
			);
			inputFileListPaths = (
				"${PODS_ROOT}/Target Support Files/Pods-SampleApp-SampleAppUITests/Pods-SampleApp-SampleAppUITests-frameworks-${CONFIGURATION}-input-files.xcfilelist",
			);
			name = "[CP] Embed Pods Frameworks";
			outputFileListPaths = (
				"${PODS_ROOT}/Target Support Files/Pods-SampleApp-SampleAppUITests/Pods-SampleApp-SampleAppUITests-frameworks-${CONFIGURATION}-output-files.xcfilelist",
			);
			runOnlyForDeploymentPostprocessing = 0;
			shellPath = /bin/sh;
			shellScript = "\"${PODS_ROOT}/Target Support Files/Pods-SampleApp-SampleAppUITests/Pods-SampleApp-SampleAppUITests-frameworks.sh\"\n";
			showEnvVarsInLog = 0;
		};
		F5D0E051B12CA8734094CF82 /* [CP] Check Pods Manifest.lock */ = {
			isa = PBXShellScriptBuildPhase;
			buildActionMask = 2147483647;
			files = (
			);
			inputFileListPaths = (
			);
			inputPaths = (
				"${PODS_PODFILE_DIR_PATH}/Podfile.lock",
				"${PODS_ROOT}/Manifest.lock",
			);
			name = "[CP] Check Pods Manifest.lock";
			outputFileListPaths = (
			);
			outputPaths = (
				"$(DERIVED_FILE_DIR)/Pods-SampleApp-checkManifestLockResult.txt",
			);
			runOnlyForDeploymentPostprocessing = 0;
			shellPath = /bin/sh;
			shellScript = "diff \"${PODS_PODFILE_DIR_PATH}/Podfile.lock\" \"${PODS_ROOT}/Manifest.lock\" > /dev/null\nif [ $? != 0 ] ; then\n    # print error to STDERR\n    echo \"error: The sandbox is not in sync with the Podfile.lock. Run 'pod install' or update your CocoaPods installation.\" >&2\n    exit 1\nfi\n# This output is used by Xcode 'outputs' to avoid re-running this script phase.\necho \"SUCCESS\" > \"${SCRIPT_OUTPUT_FILE_0}\"\n";
			showEnvVarsInLog = 0;
		};
/* End PBXShellScriptBuildPhase section */

/* Begin PBXSourcesBuildPhase section */
		723131B927BE35A40081536E /* Sources */ = {
			isa = PBXSourcesBuildPhase;
			buildActionMask = 2147483647;
			files = (
				723131C527BE35A40081536E /* ViewController.swift in Sources */,
				7231320127BE36100081536E /* CallServices.swift in Sources */,
				723131F727BE35C80081536E /* WebServiceResponse.swift in Sources */,
				723131FC27BE35E00081536E /* BaseService.swift in Sources */,
				723131CB27BE35A40081536E /* SampleApp.xcdatamodeld in Sources */,
				723131C127BE35A40081536E /* AppDelegate.swift in Sources */,
				723131C327BE35A40081536E /* SceneDelegate.swift in Sources */,
			);
			runOnlyForDeploymentPostprocessing = 0;
		};
		723131D227BE35A70081536E /* Sources */ = {
			isa = PBXSourcesBuildPhase;
			buildActionMask = 2147483647;
			files = (
				723131DB27BE35A70081536E /* SampleAppTests.swift in Sources */,
			);
			runOnlyForDeploymentPostprocessing = 0;
		};
		723131DD27BE35A70081536E /* Sources */ = {
			isa = PBXSourcesBuildPhase;
			buildActionMask = 2147483647;
			files = (
				723131E627BE35A70081536E /* SampleAppUITests.swift in Sources */,
			);
			runOnlyForDeploymentPostprocessing = 0;
		};
/* End PBXSourcesBuildPhase section */

/* Begin PBXTargetDependency section */
		723131D827BE35A70081536E /* PBXTargetDependency */ = {
			isa = PBXTargetDependency;
			target = 723131BC27BE35A40081536E /* SampleApp */;
			targetProxy = 723131D727BE35A70081536E /* PBXContainerItemProxy */;
		};
		723131E327BE35A70081536E /* PBXTargetDependency */ = {
			isa = PBXTargetDependency;
			target = 723131BC27BE35A40081536E /* SampleApp */;
			targetProxy = 723131E227BE35A70081536E /* PBXContainerItemProxy */;
		};
/* End PBXTargetDependency section */

/* Begin PBXVariantGroup section */
		723131C627BE35A40081536E /* Main.storyboard */ = {
			isa = PBXVariantGroup;
			children = (
				723131C727BE35A40081536E /* Base */,
			);
			name = Main.storyboard;
			sourceTree = "<group>";
		};
		723131CE27BE35A60081536E /* LaunchScreen.storyboard */ = {
			isa = PBXVariantGroup;
			children = (
				723131CF27BE35A60081536E /* Base */,
			);
			name = LaunchScreen.storyboard;
			sourceTree = "<group>";
		};
/* End PBXVariantGroup section */

/* Begin XCBuildConfiguration section */
		723131E827BE35A70081536E /* Debug */ = {
			isa = XCBuildConfiguration;
			buildSettings = {
				ALWAYS_SEARCH_USER_PATHS = NO;
				CLANG_ANALYZER_NONNULL = YES;
				CLANG_ANALYZER_NUMBER_OBJECT_CONVERSION = YES_AGGRESSIVE;
				CLANG_CXX_LANGUAGE_STANDARD = "gnu++14";
				CLANG_CXX_LIBRARY = "libc++";
				CLANG_ENABLE_MODULES = YES;
				CLANG_ENABLE_OBJC_ARC = YES;
				CLANG_ENABLE_OBJC_WEAK = YES;
				CLANG_WARN_BLOCK_CAPTURE_AUTORELEASING = YES;
				CLANG_WARN_BOOL_CONVERSION = YES;
				CLANG_WARN_COMMA = YES;
				CLANG_WARN_CONSTANT_CONVERSION = YES;
				CLANG_WARN_DEPRECATED_OBJC_IMPLEMENTATIONS = YES;
				CLANG_WARN_DIRECT_OBJC_ISA_USAGE = YES_ERROR;
				CLANG_WARN_DOCUMENTATION_COMMENTS = YES;
				CLANG_WARN_EMPTY_BODY = YES;
				CLANG_WARN_ENUM_CONVERSION = YES;
				CLANG_WARN_INFINITE_RECURSION = YES;
				CLANG_WARN_INT_CONVERSION = YES;
				CLANG_WARN_NON_LITERAL_NULL_CONVERSION = YES;
				CLANG_WARN_OBJC_IMPLICIT_RETAIN_SELF = YES;
				CLANG_WARN_OBJC_LITERAL_CONVERSION = YES;
				CLANG_WARN_OBJC_ROOT_CLASS = YES_ERROR;
				CLANG_WARN_QUOTED_INCLUDE_IN_FRAMEWORK_HEADER = YES;
				CLANG_WARN_RANGE_LOOP_ANALYSIS = YES;
				CLANG_WARN_STRICT_PROTOTYPES = YES;
				CLANG_WARN_SUSPICIOUS_MOVE = YES;
				CLANG_WARN_UNGUARDED_AVAILABILITY = YES_AGGRESSIVE;
				CLANG_WARN_UNREACHABLE_CODE = YES;
				CLANG_WARN__DUPLICATE_METHOD_MATCH = YES;
				COPY_PHASE_STRIP = NO;
				DEBUG_INFORMATION_FORMAT = dwarf;
				ENABLE_STRICT_OBJC_MSGSEND = YES;
				ENABLE_TESTABILITY = YES;
				GCC_C_LANGUAGE_STANDARD = gnu11;
				GCC_DYNAMIC_NO_PIC = NO;
				GCC_NO_COMMON_BLOCKS = YES;
				GCC_OPTIMIZATION_LEVEL = 0;
				GCC_PREPROCESSOR_DEFINITIONS = (
					"DEBUG=1",
					"$(inherited)",
				);
				GCC_WARN_64_TO_32_BIT_CONVERSION = YES;
				GCC_WARN_ABOUT_RETURN_TYPE = YES_ERROR;
				GCC_WARN_UNDECLARED_SELECTOR = YES;
				GCC_WARN_UNINITIALIZED_AUTOS = YES_AGGRESSIVE;
				GCC_WARN_UNUSED_FUNCTION = YES;
				GCC_WARN_UNUSED_VARIABLE = YES;
				IPHONEOS_DEPLOYMENT_TARGET = 14.3;
				MTL_ENABLE_DEBUG_INFO = INCLUDE_SOURCE;
				MTL_FAST_MATH = YES;
				ONLY_ACTIVE_ARCH = YES;
				SDKROOT = iphoneos;
				SWIFT_ACTIVE_COMPILATION_CONDITIONS = DEBUG;
				SWIFT_OPTIMIZATION_LEVEL = "-Onone";
			};
			name = Debug;
		};
		723131E927BE35A70081536E /* Release */ = {
			isa = XCBuildConfiguration;
			buildSettings = {
				ALWAYS_SEARCH_USER_PATHS = NO;
				CLANG_ANALYZER_NONNULL = YES;
				CLANG_ANALYZER_NUMBER_OBJECT_CONVERSION = YES_AGGRESSIVE;
				CLANG_CXX_LANGUAGE_STANDARD = "gnu++14";
				CLANG_CXX_LIBRARY = "libc++";
				CLANG_ENABLE_MODULES = YES;
				CLANG_ENABLE_OBJC_ARC = YES;
				CLANG_ENABLE_OBJC_WEAK = YES;
				CLANG_WARN_BLOCK_CAPTURE_AUTORELEASING = YES;
				CLANG_WARN_BOOL_CONVERSION = YES;
				CLANG_WARN_COMMA = YES;
				CLANG_WARN_CONSTANT_CONVERSION = YES;
				CLANG_WARN_DEPRECATED_OBJC_IMPLEMENTATIONS = YES;
				CLANG_WARN_DIRECT_OBJC_ISA_USAGE = YES_ERROR;
				CLANG_WARN_DOCUMENTATION_COMMENTS = YES;
				CLANG_WARN_EMPTY_BODY = YES;
				CLANG_WARN_ENUM_CONVERSION = YES;
				CLANG_WARN_INFINITE_RECURSION = YES;
				CLANG_WARN_INT_CONVERSION = YES;
				CLANG_WARN_NON_LITERAL_NULL_CONVERSION = YES;
				CLANG_WARN_OBJC_IMPLICIT_RETAIN_SELF = YES;
				CLANG_WARN_OBJC_LITERAL_CONVERSION = YES;
				CLANG_WARN_OBJC_ROOT_CLASS = YES_ERROR;
				CLANG_WARN_QUOTED_INCLUDE_IN_FRAMEWORK_HEADER = YES;
				CLANG_WARN_RANGE_LOOP_ANALYSIS = YES;
				CLANG_WARN_STRICT_PROTOTYPES = YES;
				CLANG_WARN_SUSPICIOUS_MOVE = YES;
				CLANG_WARN_UNGUARDED_AVAILABILITY = YES_AGGRESSIVE;
				CLANG_WARN_UNREACHABLE_CODE = YES;
				CLANG_WARN__DUPLICATE_METHOD_MATCH = YES;
				COPY_PHASE_STRIP = NO;
				DEBUG_INFORMATION_FORMAT = "dwarf-with-dsym";
				ENABLE_NS_ASSERTIONS = NO;
				ENABLE_STRICT_OBJC_MSGSEND = YES;
				GCC_C_LANGUAGE_STANDARD = gnu11;
				GCC_NO_COMMON_BLOCKS = YES;
				GCC_WARN_64_TO_32_BIT_CONVERSION = YES;
				GCC_WARN_ABOUT_RETURN_TYPE = YES_ERROR;
				GCC_WARN_UNDECLARED_SELECTOR = YES;
				GCC_WARN_UNINITIALIZED_AUTOS = YES_AGGRESSIVE;
				GCC_WARN_UNUSED_FUNCTION = YES;
				GCC_WARN_UNUSED_VARIABLE = YES;
				IPHONEOS_DEPLOYMENT_TARGET = 14.3;
				MTL_ENABLE_DEBUG_INFO = NO;
				MTL_FAST_MATH = YES;
				SDKROOT = iphoneos;
				SWIFT_COMPILATION_MODE = wholemodule;
				SWIFT_OPTIMIZATION_LEVEL = "-O";
				VALIDATE_PRODUCT = YES;
			};
			name = Release;
		};
		723131EB27BE35A70081536E /* Debug */ = {
			isa = XCBuildConfiguration;
			baseConfigurationReference = 852FA8C2C3DE774229701179 /* Pods-SampleApp.debug.xcconfig */;
			buildSettings = {
				ASSETCATALOG_COMPILER_APPICON_NAME = AppIcon;
				ASSETCATALOG_COMPILER_GLOBAL_ACCENT_COLOR_NAME = AccentColor;
				CODE_SIGN_STYLE = Automatic;
				INFOPLIST_FILE = SampleApp/Info.plist;
				LD_RUNPATH_SEARCH_PATHS = (
					"$(inherited)",
					"@executable_path/Frameworks",
				);
				PRODUCT_BUNDLE_IDENTIFIER = com.collectionView.SampleApp;
				PRODUCT_NAME = "$(TARGET_NAME)";
				SWIFT_VERSION = 5.0;
				TARGETED_DEVICE_FAMILY = "1,2";
			};
			name = Debug;
		};
		723131EC27BE35A70081536E /* Release */ = {
			isa = XCBuildConfiguration;
			baseConfigurationReference = 73E89909CB0E77EA87A38150 /* Pods-SampleApp.release.xcconfig */;
			buildSettings = {
				ASSETCATALOG_COMPILER_APPICON_NAME = AppIcon;
				ASSETCATALOG_COMPILER_GLOBAL_ACCENT_COLOR_NAME = AccentColor;
				CODE_SIGN_STYLE = Automatic;
				INFOPLIST_FILE = SampleApp/Info.plist;
				LD_RUNPATH_SEARCH_PATHS = (
					"$(inherited)",
					"@executable_path/Frameworks",
				);
				PRODUCT_BUNDLE_IDENTIFIER = com.collectionView.SampleApp;
				PRODUCT_NAME = "$(TARGET_NAME)";
				SWIFT_VERSION = 5.0;
				TARGETED_DEVICE_FAMILY = "1,2";
			};
			name = Release;
		};
		723131EE27BE35A70081536E /* Debug */ = {
			isa = XCBuildConfiguration;
			baseConfigurationReference = A214978491CA7A15A8E52683 /* Pods-SampleAppTests.debug.xcconfig */;
			buildSettings = {
				ALWAYS_EMBED_SWIFT_STANDARD_LIBRARIES = YES;
				BUNDLE_LOADER = "$(TEST_HOST)";
				CODE_SIGN_STYLE = Automatic;
				INFOPLIST_FILE = SampleAppTests/Info.plist;
				IPHONEOS_DEPLOYMENT_TARGET = 14.3;
				LD_RUNPATH_SEARCH_PATHS = (
					"$(inherited)",
					"@executable_path/Frameworks",
					"@loader_path/Frameworks",
				);
				PRODUCT_BUNDLE_IDENTIFIER = com.collectionView.SampleAppTests;
				PRODUCT_NAME = "$(TARGET_NAME)";
				SWIFT_VERSION = 5.0;
				TARGETED_DEVICE_FAMILY = "1,2";
				TEST_HOST = "$(BUILT_PRODUCTS_DIR)/SampleApp.app/SampleApp";
			};
			name = Debug;
		};
		723131EF27BE35A70081536E /* Release */ = {
			isa = XCBuildConfiguration;
			baseConfigurationReference = AF65099459C22EA97094BC4C /* Pods-SampleAppTests.release.xcconfig */;
			buildSettings = {
				ALWAYS_EMBED_SWIFT_STANDARD_LIBRARIES = YES;
				BUNDLE_LOADER = "$(TEST_HOST)";
				CODE_SIGN_STYLE = Automatic;
				INFOPLIST_FILE = SampleAppTests/Info.plist;
				IPHONEOS_DEPLOYMENT_TARGET = 14.3;
				LD_RUNPATH_SEARCH_PATHS = (
					"$(inherited)",
					"@executable_path/Frameworks",
					"@loader_path/Frameworks",
				);
				PRODUCT_BUNDLE_IDENTIFIER = com.collectionView.SampleAppTests;
				PRODUCT_NAME = "$(TARGET_NAME)";
				SWIFT_VERSION = 5.0;
				TARGETED_DEVICE_FAMILY = "1,2";
				TEST_HOST = "$(BUILT_PRODUCTS_DIR)/SampleApp.app/SampleApp";
			};
			name = Release;
		};
		723131F127BE35A70081536E /* Debug */ = {
			isa = XCBuildConfiguration;
			baseConfigurationReference = 33FF6FBFE09A0C1C88569762 /* Pods-SampleApp-SampleAppUITests.debug.xcconfig */;
			buildSettings = {
				ALWAYS_EMBED_SWIFT_STANDARD_LIBRARIES = YES;
				CODE_SIGN_STYLE = Automatic;
				INFOPLIST_FILE = SampleAppUITests/Info.plist;
				LD_RUNPATH_SEARCH_PATHS = (
					"$(inherited)",
					"@executable_path/Frameworks",
					"@loader_path/Frameworks",
				);
				PRODUCT_BUNDLE_IDENTIFIER = com.collectionView.SampleAppUITests;
				PRODUCT_NAME = "$(TARGET_NAME)";
				SWIFT_VERSION = 5.0;
				TARGETED_DEVICE_FAMILY = "1,2";
				TEST_TARGET_NAME = SampleApp;
			};
			name = Debug;
		};
		723131F227BE35A70081536E /* Release */ = {
			isa = XCBuildConfiguration;
			baseConfigurationReference = 9D43A0451A228D10600126F1 /* Pods-SampleApp-SampleAppUITests.release.xcconfig */;
			buildSettings = {
				ALWAYS_EMBED_SWIFT_STANDARD_LIBRARIES = YES;
				CODE_SIGN_STYLE = Automatic;
				INFOPLIST_FILE = SampleAppUITests/Info.plist;
				LD_RUNPATH_SEARCH_PATHS = (
					"$(inherited)",
					"@executable_path/Frameworks",
					"@loader_path/Frameworks",
				);
				PRODUCT_BUNDLE_IDENTIFIER = com.collectionView.SampleAppUITests;
				PRODUCT_NAME = "$(TARGET_NAME)";
				SWIFT_VERSION = 5.0;
				TARGETED_DEVICE_FAMILY = "1,2";
				TEST_TARGET_NAME = SampleApp;
			};
			name = Release;
		};
/* End XCBuildConfiguration section */

/* Begin XCConfigurationList section */
		723131B827BE35A40081536E /* Build configuration list for PBXProject "SampleApp" */ = {
			isa = XCConfigurationList;
			buildConfigurations = (
				723131E827BE35A70081536E /* Debug */,
				723131E927BE35A70081536E /* Release */,
			);
			defaultConfigurationIsVisible = 0;
			defaultConfigurationName = Release;
		};
		723131EA27BE35A70081536E /* Build configuration list for PBXNativeTarget "SampleApp" */ = {
			isa = XCConfigurationList;
			buildConfigurations = (
				723131EB27BE35A70081536E /* Debug */,
				723131EC27BE35A70081536E /* Release */,
			);
			defaultConfigurationIsVisible = 0;
			defaultConfigurationName = Release;
		};
		723131ED27BE35A70081536E /* Build configuration list for PBXNativeTarget "SampleAppTests" */ = {
			isa = XCConfigurationList;
			buildConfigurations = (
				723131EE27BE35A70081536E /* Debug */,
				723131EF27BE35A70081536E /* Release */,
			);
			defaultConfigurationIsVisible = 0;
			defaultConfigurationName = Release;
		};
		723131F027BE35A70081536E /* Build configuration list for PBXNativeTarget "SampleAppUITests" */ = {
			isa = XCConfigurationList;
			buildConfigurations = (
				723131F127BE35A70081536E /* Debug */,
				723131F227BE35A70081536E /* Release */,
			);
			defaultConfigurationIsVisible = 0;
			defaultConfigurationName = Release;
		};
/* End XCConfigurationList section */

/* Begin XCVersionGroup section */
		723131C927BE35A40081536E /* SampleApp.xcdatamodeld */ = {
			isa = XCVersionGroup;
			children = (
				723131CA27BE35A40081536E /* SampleApp.xcdatamodel */,
			);
			currentVersion = 723131CA27BE35A40081536E /* SampleApp.xcdatamodel */;
			path = SampleApp.xcdatamodeld;
			sourceTree = "<group>";
			versionGroupType = wrapper.xcdatamodel;
		};
/* End XCVersionGroup section */
	};
	rootObject = 723131B527BE35A40081536E /* Project object */;
}
